
Microsoft Visual Studio Solution File, Format Version 12.00
# Visual Studio Version 17
VisualStudioVersion = 17.12.35707.178
MinimumVisualStudioVersion = 10.0.40219.1
Project("{FAE04EC0-301F-11D3-BF4B-00C04F79EFBC}") = "CleanArchitecture.Api", "src\CleanArchitecture.Api\CleanArchitecture.Api.csproj", "{4058299E-3CD2-4388-AD9E-FEEC6D7C6524}"
EndProject
Project("{FAE04EC0-301F-11D3-BF4B-00C04F79EFBC}") = "CleanArchitecture.Application", "src\CleanArchitecture.Application\CleanArchitecture.Application.csproj", "{477E76AB-437C-4DA6-A09F-7B4D750697D7}"
EndProject
Project("{FAE04EC0-301F-11D3-BF4B-00C04F79EFBC}") = "CleanArchitecture.Domain", "src\CleanArchitecture.Domain\CleanArchitecture.Domain.csproj", "{88758ADA-DB54-47F3-9D4F-2B4E6B6D87C7}"
EndProject
Project("{FAE04EC0-301F-11D3-BF4B-00C04F79EFBC}") = "CleanArchitecture.Infrastructure", "src\CleanArchitecture.Infrastructure\CleanArchitecture.Infrastructure.csproj", "{BF22F750-7DF8-4B40-B7E0-F8DBD6B73885}"
EndProject
Project("{2150E333-8FDC-42A3-9474-1A3956D46DE8}") = "tests", "tests", "{02EA681E-C7D8-13C7-8484-4AC65E1B71E8}"
EndProject
Project("{FAE04EC0-301F-11D3-BF4B-00C04F79EFBC}") = "CleanArchitecture.UnitTests", "tests\CleanArchitecture.UnitTests\CleanArchitecture.UnitTests.csproj", "{ADF72FA0-3BB3-4AF5-838E-4BAFCC90024B}"
EndProject
Project("{FAE04EC0-301F-11D3-BF4B-00C04F79EFBC}") = "CleanArchitecture.IntegrationTests", "tests\CleanArchitecture.IntegrationTests\CleanArchitecture.IntegrationTests.csproj", "{FD00E50E-C516-463F-AE74-6FBA2F72BD2D}"
EndProject
Project("{2150E333-8FDC-42A3-9474-1A3956D46DE8}") = "src", "src", "{E535283F-B909-4C5C-A0EA-BC488A8B7B3F}"
EndProject
Project("{2150E333-8FDC-42A3-9474-1A3956D46DE8}") = "SolutionItems", "SolutionItems", "{E6C3023D-1367-423E-8CE4-2874ECB152E5}"
	ProjectSection(SolutionItems) = preProject
		.editorconfig = .editorconfig
		Directory.Build.props = Directory.Build.props
	EndProjectSection
EndProject
Global
	GlobalSection(SolutionConfigurationPlatforms) = preSolution
		Debug|Any CPU = Debug|Any CPU
		Release|Any CPU = Release|Any CPU
	EndGlobalSection
	GlobalSection(ProjectConfigurationPlatforms) = postSolution
		{4058299E-3CD2-4388-AD9E-FEEC6D7C6524}.Debug|Any CPU.ActiveCfg = Debug|Any CPU
		{4058299E-3CD2-4388-AD9E-FEEC6D7C6524}.Debug|Any CPU.Build.0 = Debug|Any CPU
		{4058299E-3CD2-4388-AD9E-FEEC6D7C6524}.Release|Any CPU.ActiveCfg = Release|Any CPU
		{4058299E-3CD2-4388-AD9E-FEEC6D7C6524}.Release|Any CPU.Build.0 = Release|Any CPU
		{477E76AB-437C-4DA6-A09F-7B4D750697D7}.Debug|Any CPU.ActiveCfg = Debug|Any CPU
		{477E76AB-437C-4DA6-A09F-7B4D750697D7}.Debug|Any CPU.Build.0 = Debug|Any CPU
		{477E76AB-437C-4DA6-A09F-7B4D750697D7}.Release|Any CPU.ActiveCfg = Release|Any CPU
		{477E76AB-437C-4DA6-A09F-7B4D750697D7}.Release|Any CPU.Build.0 = Release|Any CPU
		{88758ADA-DB54-47F3-9D4F-2B4E6B6D87C7}.Debug|Any CPU.ActiveCfg = Debug|Any CPU
		{88758ADA-DB54-47F3-9D4F-2B4E6B6D87C7}.Debug|Any CPU.Build.0 = Debug|Any CPU
		{88758ADA-DB54-47F3-9D4F-2B4E6B6D87C7}.Release|Any CPU.ActiveCfg = Release|Any CPU
		{88758ADA-DB54-47F3-9D4F-2B4E6B6D87C7}.Release|Any CPU.Build.0 = Release|Any CPU
		{BF22F750-7DF8-4B40-B7E0-F8DBD6B73885}.Debug|Any CPU.ActiveCfg = Debug|Any CPU
		{BF22F750-7DF8-4B40-B7E0-F8DBD6B73885}.Debug|Any CPU.Build.0 = Debug|Any CPU
		{BF22F750-7DF8-4B40-B7E0-F8DBD6B73885}.Release|Any CPU.ActiveCfg = Release|Any CPU
		{BF22F750-7DF8-4B40-B7E0-F8DBD6B73885}.Release|Any CPU.Build.0 = Release|Any CPU
		{ADF72FA0-3BB3-4AF5-838E-4BAFCC90024B}.Debug|Any CPU.ActiveCfg = Debug|Any CPU
		{ADF72FA0-3BB3-4AF5-838E-4BAFCC90024B}.Debug|Any CPU.Build.0 = Debug|Any CPU
		{ADF72FA0-3BB3-4AF5-838E-4BAFCC90024B}.Release|Any CPU.ActiveCfg = Release|Any CPU
		{ADF72FA0-3BB3-4AF5-838E-4BAFCC90024B}.Release|Any CPU.Build.0 = Release|Any CPU
		{FD00E50E-C516-463F-AE74-6FBA2F72BD2D}.Debug|Any CPU.ActiveCfg = Debug|Any CPU
		{FD00E50E-C516-463F-AE74-6FBA2F72BD2D}.Debug|Any CPU.Build.0 = Debug|Any CPU
		{FD00E50E-C516-463F-AE74-6FBA2F72BD2D}.Release|Any CPU.ActiveCfg = Release|Any CPU
		{FD00E50E-C516-463F-AE74-6FBA2F72BD2D}.Release|Any CPU.Build.0 = Release|Any CPU
	EndGlobalSection
	GlobalSection(SolutionProperties) = preSolution
		HideSolutionNode = FALSE
	EndGlobalSection
	GlobalSection(NestedProjects) = preSolution
		{4058299E-3CD2-4388-AD9E-FEEC6D7C6524} = {E535283F-B909-4C5C-A0EA-BC488A8B7B3F}
		{477E76AB-437C-4DA6-A09F-7B4D750697D7} = {E535283F-B909-4C5C-A0EA-BC488A8B7B3F}
		{88758ADA-DB54-47F3-9D4F-2B4E6B6D87C7} = {E535283F-B909-4C5C-A0EA-BC488A8B7B3F}
		{BF22F750-7DF8-4B40-B7E0-F8DBD6B73885} = {E535283F-B909-4C5C-A0EA-BC488A8B7B3F}
		{ADF72FA0-3BB3-4AF5-838E-4BAFCC90024B} = {02EA681E-C7D8-13C7-8484-4AC65E1B71E8}
		{FD00E50E-C516-463F-AE74-6FBA2F72BD2D} = {02EA681E-C7D8-13C7-8484-4AC65E1B71E8}
	EndGlobalSection
	GlobalSection(ExtensibilityGlobals) = postSolution
		SolutionGuid = {53387BCF-DACA-40BE-850C-CA714609138E}
	EndGlobalSection
EndGlobal
