
Microsoft Visual Studio Solution File, Format Version 12.00
# Visual Studio Version 17
VisualStudioVersion = 17.12.35707.178
MinimumVisualStudioVersion = 10.0.40219.1
Project("{FAE04EC0-301F-11D3-BF4B-00C04F79EFBC}") = "CleanArchitecture.Api", "src\CleanArchitecture.Api\CleanArchitecture.Api.csproj", "{4058299E-3CD2-4388-AD9E-FEEC6D7C6524}"
EndProject
Project("{FAE04EC0-301F-11D3-BF4B-00C04F79EFBC}") = "CleanArchitecture.Application", "src\CleanArchitecture.Application\CleanArchitecture.Application.csproj", "{477E76AB-437C-4DA6-A09F-7B4D750697D7}"
EndProject
Project("{FAE04EC0-301F-11D3-BF4B-00C04F79EFBC}") = "CleanArchitecture.Domain", "src\CleanArchitecture.Domain\CleanArchitecture.Domain.csproj", "{88758ADA-DB54-47F3-9D4F-2B4E6B6D87C7}"
EndProject
Project("{FAE04EC0-301F-11D3-BF4B-00C04F79EFBC}") = "CleanArchitecture.Infrastructure", "src\CleanArchitecture.Infrastructure\CleanArchitecture.Infrastructure.csproj", "{BF22F750-7DF8-4B40-B7E0-F8DBD6B73885}"
EndProject
Project("{FAE04EC0-301F-11D3-BF4B-00C04F79EFBC}") = "CleanArchitecture.Worker", "src\CleanArchitecture.Worker\CleanArchitecture.Worker.csproj", "{E0F1DC1E-6B30-4DDA-88B1-F02D58D78168}"
EndProject
Project("{FAE04EC0-301F-11D3-BF4B-00C04F79EFBC}") = "CleanArchitecture.Application.Api", "src\CleanArchitecture.Application.Api\CleanArchitecture.Application.Api.csproj", "{9828E616-C551-4D56-9141-3453687EB717}"
EndProject
Project("{FAE04EC0-301F-11D3-BF4B-00C04F79EFBC}") = "CleanArchitecture.Application.Worker", "src\CleanArchitecture.Application.Worker\CleanArchitecture.Application.Worker.csproj", "{E542C56C-62E1-474B-906D-5AEB82F4E7A8}"
EndProject
Global
	GlobalSection(SolutionConfigurationPlatforms) = preSolution
		Debug|Any CPU = Debug|Any CPU
		Release|Any CPU = Release|Any CPU
	EndGlobalSection
	GlobalSection(ProjectConfigurationPlatforms) = postSolution
		{4058299E-3CD2-4388-AD9E-FEEC6D7C6524}.Debug|Any CPU.ActiveCfg = Debug|Any CPU
		{4058299E-3CD2-4388-AD9E-FEEC6D7C6524}.Debug|Any CPU.Build.0 = Debug|Any CPU
		{4058299E-3CD2-4388-AD9E-FEEC6D7C6524}.Release|Any CPU.ActiveCfg = Release|Any CPU
		{4058299E-3CD2-4388-AD9E-FEEC6D7C6524}.Release|Any CPU.Build.0 = Release|Any CPU
		{477E76AB-437C-4DA6-A09F-7B4D750697D7}.Debug|Any CPU.ActiveCfg = Debug|Any CPU
		{477E76AB-437C-4DA6-A09F-7B4D750697D7}.Debug|Any CPU.Build.0 = Debug|Any CPU
		{477E76AB-437C-4DA6-A09F-7B4D750697D7}.Release|Any CPU.ActiveCfg = Release|Any CPU
		{477E76AB-437C-4DA6-A09F-7B4D750697D7}.Release|Any CPU.Build.0 = Release|Any CPU
		{88758ADA-DB54-47F3-9D4F-2B4E6B6D87C7}.Debug|Any CPU.ActiveCfg = Debug|Any CPU
		{88758ADA-DB54-47F3-9D4F-2B4E6B6D87C7}.Debug|Any CPU.Build.0 = Debug|Any CPU
		{88758ADA-DB54-47F3-9D4F-2B4E6B6D87C7}.Release|Any CPU.ActiveCfg = Release|Any CPU
		{88758ADA-DB54-47F3-9D4F-2B4E6B6D87C7}.Release|Any CPU.Build.0 = Release|Any CPU
		{BF22F750-7DF8-4B40-B7E0-F8DBD6B73885}.Debug|Any CPU.ActiveCfg = Debug|Any CPU
		{BF22F750-7DF8-4B40-B7E0-F8DBD6B73885}.Debug|Any CPU.Build.0 = Debug|Any CPU
		{BF22F750-7DF8-4B40-B7E0-F8DBD6B73885}.Release|Any CPU.ActiveCfg = Release|Any CPU
		{BF22F750-7DF8-4B40-B7E0-F8DBD6B73885}.Release|Any CPU.Build.0 = Release|Any CPU
		{E0F1DC1E-6B30-4DDA-88B1-F02D58D78168}.Debug|Any CPU.ActiveCfg = Debug|Any CPU
		{E0F1DC1E-6B30-4DDA-88B1-F02D58D78168}.Debug|Any CPU.Build.0 = Debug|Any CPU
		{E0F1DC1E-6B30-4DDA-88B1-F02D58D78168}.Release|Any CPU.ActiveCfg = Release|Any CPU
		{E0F1DC1E-6B30-4DDA-88B1-F02D58D78168}.Release|Any CPU.Build.0 = Release|Any CPU
		{9828E616-C551-4D56-9141-3453687EB717}.Debug|Any CPU.ActiveCfg = Debug|Any CPU
		{9828E616-C551-4D56-9141-3453687EB717}.Debug|Any CPU.Build.0 = Debug|Any CPU
		{9828E616-C551-4D56-9141-3453687EB717}.Release|Any CPU.ActiveCfg = Release|Any CPU
		{9828E616-C551-4D56-9141-3453687EB717}.Release|Any CPU.Build.0 = Release|Any CPU
		{E542C56C-62E1-474B-906D-5AEB82F4E7A8}.Debug|Any CPU.ActiveCfg = Debug|Any CPU
		{E542C56C-62E1-474B-906D-5AEB82F4E7A8}.Debug|Any CPU.Build.0 = Debug|Any CPU
		{E542C56C-62E1-474B-906D-5AEB82F4E7A8}.Release|Any CPU.ActiveCfg = Release|Any CPU
		{E542C56C-62E1-474B-906D-5AEB82F4E7A8}.Release|Any CPU.Build.0 = Release|Any CPU
	EndGlobalSection
	GlobalSection(SolutionProperties) = preSolution
		HideSolutionNode = FALSE
	EndGlobalSection
EndGlobal
